
Microsoft Visual Studio Solution File, Format Version 12.00
# Visual Studio 15
VisualStudioVersion = 15.0.27703.2042
MinimumVisualStudioVersion = 10.0.40219.1
Project("{9A19103F-16F7-4668-BE54-9A1E7A4F7556}") = "ServerListenerConsole", "ServerListenerConsole\ServerListenerConsole.csproj", "{2C7E82F0-1BDD-4E0A-AAC1-98BCD68D214C}"
EndProject
Project("{FAE04EC0-301F-11D3-BF4B-00C04F79EFBC}") = "MulticastServer", "MulticastServer\MulticastServer.csproj", "{D98FAB42-D5CF-478E-8928-4084E3CC6891}"
EndProject
Project("{FAE04EC0-301F-11D3-BF4B-00C04F79EFBC}") = "MulticastSender", "MulticastSender\MulticastSender.csproj", "{5CC9B3F4-0501-4EB4-8BB2-06B12780251C}"
EndProject
Global
	GlobalSection(SolutionConfigurationPlatforms) = preSolution
		Debug|Any CPU = Debug|Any CPU
		Release|Any CPU = Release|Any CPU
	EndGlobalSection
	GlobalSection(ProjectConfigurationPlatforms) = postSolution
		{2C7E82F0-1BDD-4E0A-AAC1-98BCD68D214C}.Debug|Any CPU.ActiveCfg = Debug|Any CPU
		{2C7E82F0-1BDD-4E0A-AAC1-98BCD68D214C}.Debug|Any CPU.Build.0 = Debug|Any CPU
		{2C7E82F0-1BDD-4E0A-AAC1-98BCD68D214C}.Release|Any CPU.ActiveCfg = Release|Any CPU
		{2C7E82F0-1BDD-4E0A-AAC1-98BCD68D214C}.Release|Any CPU.Build.0 = Release|Any CPU
		{D98FAB42-D5CF-478E-8928-4084E3CC6891}.Debug|Any CPU.ActiveCfg = Debug|Any CPU
		{D98FAB42-D5CF-478E-8928-4084E3CC6891}.Debug|Any CPU.Build.0 = Debug|Any CPU
		{D98FAB42-D5CF-478E-8928-4084E3CC6891}.Release|Any CPU.ActiveCfg = Release|Any CPU
		{D98FAB42-D5CF-478E-8928-4084E3CC6891}.Release|Any CPU.Build.0 = Release|Any CPU
		{5CC9B3F4-0501-4EB4-8BB2-06B12780251C}.Debug|Any CPU.ActiveCfg = Debug|Any CPU
		{5CC9B3F4-0501-4EB4-8BB2-06B12780251C}.Debug|Any CPU.Build.0 = Debug|Any CPU
		{5CC9B3F4-0501-4EB4-8BB2-06B12780251C}.Release|Any CPU.ActiveCfg = Release|Any CPU
		{5CC9B3F4-0501-4EB4-8BB2-06B12780251C}.Release|Any CPU.Build.0 = Release|Any CPU
	EndGlobalSection
	GlobalSection(SolutionProperties) = preSolution
		HideSolutionNode = FALSE
	EndGlobalSection
	GlobalSection(ExtensibilityGlobals) = postSolution
		SolutionGuid = {0C46D04D-4014-489A-A098-C0C2635B2562}
	EndGlobalSection
EndGlobal
