
Microsoft Visual Studio Solution File, Format Version 12.00
# Visual Studio 15
VisualStudioVersion = 15.0.28307.168
MinimumVisualStudioVersion = 10.0.40219.1
Project("{FAE04EC0-301F-11D3-BF4B-00C04F79EFBC}") = "XamarinSignalRClient.Android", "XamarinSignalRClient\XamarinSignalRClient.Android\XamarinSignalRClient.Android.csproj", "{C3866DFD-4CD0-4F58-9667-4FD77697C2EB}"
EndProject
Project("{FAE04EC0-301F-11D3-BF4B-00C04F79EFBC}") = "XamarinSignalRClient.iOS", "XamarinSignalRClient\XamarinSignalRClient.iOS\XamarinSignalRClient.iOS.csproj", "{0FC6E968-DDFF-4292-9521-EC9079211319}"
EndProject
Project("{FAE04EC0-301F-11D3-BF4B-00C04F79EFBC}") = "XamarinSignalRClient", "XamarinSignalRClient\XamarinSignalRClient\XamarinSignalRClient.csproj", "{C37518DF-063F-4DDB-8E12-B5C904F06BE9}"
EndProject
Global
	GlobalSection(SolutionConfigurationPlatforms) = preSolution
		Ad-Hoc|Any CPU = Ad-Hoc|Any CPU
		Ad-Hoc|iPhone = Ad-Hoc|iPhone
		Ad-Hoc|iPhoneSimulator = Ad-Hoc|iPhoneSimulator
		AppStore|Any CPU = AppStore|Any CPU
		AppStore|iPhone = AppStore|iPhone
		AppStore|iPhoneSimulator = AppStore|iPhoneSimulator
		Debug|Any CPU = Debug|Any CPU
		Debug|iPhone = Debug|iPhone
		Debug|iPhoneSimulator = Debug|iPhoneSimulator
		Release|Any CPU = Release|Any CPU
		Release|iPhone = Release|iPhone
		Release|iPhoneSimulator = Release|iPhoneSimulator
	EndGlobalSection
	GlobalSection(ProjectConfigurationPlatforms) = postSolution
		{C3866DFD-4CD0-4F58-9667-4FD77697C2EB}.Ad-Hoc|Any CPU.ActiveCfg = Release|Any CPU
		{C3866DFD-4CD0-4F58-9667-4FD77697C2EB}.Ad-Hoc|Any CPU.Build.0 = Release|Any CPU
		{C3866DFD-4CD0-4F58-9667-4FD77697C2EB}.Ad-Hoc|Any CPU.Deploy.0 = Release|Any CPU
		{C3866DFD-4CD0-4F58-9667-4FD77697C2EB}.Ad-Hoc|iPhone.ActiveCfg = Release|Any CPU
		{C3866DFD-4CD0-4F58-9667-4FD77697C2EB}.Ad-Hoc|iPhone.Build.0 = Release|Any CPU
		{C3866DFD-4CD0-4F58-9667-4FD77697C2EB}.Ad-Hoc|iPhone.Deploy.0 = Release|Any CPU
		{C3866DFD-4CD0-4F58-9667-4FD77697C2EB}.Ad-Hoc|iPhoneSimulator.ActiveCfg = Release|Any CPU
		{C3866DFD-4CD0-4F58-9667-4FD77697C2EB}.Ad-Hoc|iPhoneSimulator.Build.0 = Release|Any CPU
		{C3866DFD-4CD0-4F58-9667-4FD77697C2EB}.Ad-Hoc|iPhoneSimulator.Deploy.0 = Release|Any CPU
		{C3866DFD-4CD0-4F58-9667-4FD77697C2EB}.AppStore|Any CPU.ActiveCfg = Release|Any CPU
		{C3866DFD-4CD0-4F58-9667-4FD77697C2EB}.AppStore|Any CPU.Build.0 = Release|Any CPU
		{C3866DFD-4CD0-4F58-9667-4FD77697C2EB}.AppStore|Any CPU.Deploy.0 = Release|Any CPU
		{C3866DFD-4CD0-4F58-9667-4FD77697C2EB}.AppStore|iPhone.ActiveCfg = Release|Any CPU
		{C3866DFD-4CD0-4F58-9667-4FD77697C2EB}.AppStore|iPhone.Build.0 = Release|Any CPU
		{C3866DFD-4CD0-4F58-9667-4FD77697C2EB}.AppStore|iPhone.Deploy.0 = Release|Any CPU
		{C3866DFD-4CD0-4F58-9667-4FD77697C2EB}.AppStore|iPhoneSimulator.ActiveCfg = Release|Any CPU
		{C3866DFD-4CD0-4F58-9667-4FD77697C2EB}.AppStore|iPhoneSimulator.Build.0 = Release|Any CPU
		{C3866DFD-4CD0-4F58-9667-4FD77697C2EB}.AppStore|iPhoneSimulator.Deploy.0 = Release|Any CPU
		{C3866DFD-4CD0-4F58-9667-4FD77697C2EB}.Debug|Any CPU.ActiveCfg = Debug|Any CPU
		{C3866DFD-4CD0-4F58-9667-4FD77697C2EB}.Debug|Any CPU.Build.0 = Debug|Any CPU
		{C3866DFD-4CD0-4F58-9667-4FD77697C2EB}.Debug|Any CPU.Deploy.0 = Debug|Any CPU
		{C3866DFD-4CD0-4F58-9667-4FD77697C2EB}.Debug|iPhone.ActiveCfg = Debug|Any CPU
		{C3866DFD-4CD0-4F58-9667-4FD77697C2EB}.Debug|iPhone.Build.0 = Debug|Any CPU
		{C3866DFD-4CD0-4F58-9667-4FD77697C2EB}.Debug|iPhone.Deploy.0 = Debug|Any CPU
		{C3866DFD-4CD0-4F58-9667-4FD77697C2EB}.Debug|iPhoneSimulator.ActiveCfg = Debug|Any CPU
		{C3866DFD-4CD0-4F58-9667-4FD77697C2EB}.Debug|iPhoneSimulator.Build.0 = Debug|Any CPU
		{C3866DFD-4CD0-4F58-9667-4FD77697C2EB}.Debug|iPhoneSimulator.Deploy.0 = Debug|Any CPU
		{C3866DFD-4CD0-4F58-9667-4FD77697C2EB}.Release|Any CPU.ActiveCfg = Release|Any CPU
		{C3866DFD-4CD0-4F58-9667-4FD77697C2EB}.Release|Any CPU.Build.0 = Release|Any CPU
		{C3866DFD-4CD0-4F58-9667-4FD77697C2EB}.Release|Any CPU.Deploy.0 = Release|Any CPU
		{C3866DFD-4CD0-4F58-9667-4FD77697C2EB}.Release|iPhone.ActiveCfg = Release|Any CPU
		{C3866DFD-4CD0-4F58-9667-4FD77697C2EB}.Release|iPhone.Build.0 = Release|Any CPU
		{C3866DFD-4CD0-4F58-9667-4FD77697C2EB}.Release|iPhone.Deploy.0 = Release|Any CPU
		{C3866DFD-4CD0-4F58-9667-4FD77697C2EB}.Release|iPhoneSimulator.ActiveCfg = Release|Any CPU
		{C3866DFD-4CD0-4F58-9667-4FD77697C2EB}.Release|iPhoneSimulator.Build.0 = Release|Any CPU
		{C3866DFD-4CD0-4F58-9667-4FD77697C2EB}.Release|iPhoneSimulator.Deploy.0 = Release|Any CPU
		{0FC6E968-DDFF-4292-9521-EC9079211319}.Ad-Hoc|Any CPU.ActiveCfg = Ad-Hoc|iPhone
		{0FC6E968-DDFF-4292-9521-EC9079211319}.Ad-Hoc|Any CPU.Build.0 = Ad-Hoc|iPhone
		{0FC6E968-DDFF-4292-9521-EC9079211319}.Ad-Hoc|Any CPU.Deploy.0 = Ad-Hoc|iPhone
		{0FC6E968-DDFF-4292-9521-EC9079211319}.Ad-Hoc|iPhone.ActiveCfg = Ad-Hoc|iPhone
		{0FC6E968-DDFF-4292-9521-EC9079211319}.Ad-Hoc|iPhone.Build.0 = Ad-Hoc|iPhone
		{0FC6E968-DDFF-4292-9521-EC9079211319}.Ad-Hoc|iPhone.Deploy.0 = Ad-Hoc|iPhone
		{0FC6E968-DDFF-4292-9521-EC9079211319}.Ad-Hoc|iPhoneSimulator.ActiveCfg = Ad-Hoc|iPhoneSimulator
		{0FC6E968-DDFF-4292-9521-EC9079211319}.Ad-Hoc|iPhoneSimulator.Build.0 = Ad-Hoc|iPhoneSimulator
		{0FC6E968-DDFF-4292-9521-EC9079211319}.Ad-Hoc|iPhoneSimulator.Deploy.0 = Ad-Hoc|iPhoneSimulator
		{0FC6E968-DDFF-4292-9521-EC9079211319}.AppStore|Any CPU.ActiveCfg = AppStore|iPhone
		{0FC6E968-DDFF-4292-9521-EC9079211319}.AppStore|Any CPU.Build.0 = AppStore|iPhone
		{0FC6E968-DDFF-4292-9521-EC9079211319}.AppStore|Any CPU.Deploy.0 = AppStore|iPhone
		{0FC6E968-DDFF-4292-9521-EC9079211319}.AppStore|iPhone.ActiveCfg = AppStore|iPhone
		{0FC6E968-DDFF-4292-9521-EC9079211319}.AppStore|iPhone.Build.0 = AppStore|iPhone
		{0FC6E968-DDFF-4292-9521-EC9079211319}.AppStore|iPhone.Deploy.0 = AppStore|iPhone
		{0FC6E968-DDFF-4292-9521-EC9079211319}.AppStore|iPhoneSimulator.ActiveCfg = AppStore|iPhoneSimulator
		{0FC6E968-DDFF-4292-9521-EC9079211319}.AppStore|iPhoneSimulator.Build.0 = AppStore|iPhoneSimulator
		{0FC6E968-DDFF-4292-9521-EC9079211319}.AppStore|iPhoneSimulator.Deploy.0 = AppStore|iPhoneSimulator
		{0FC6E968-DDFF-4292-9521-EC9079211319}.Debug|Any CPU.ActiveCfg = Debug|iPhoneSimulator
		{0FC6E968-DDFF-4292-9521-EC9079211319}.Debug|Any CPU.Build.0 = Debug|iPhoneSimulator
		{0FC6E968-DDFF-4292-9521-EC9079211319}.Debug|Any CPU.Deploy.0 = Debug|iPhoneSimulator
		{0FC6E968-DDFF-4292-9521-EC9079211319}.Debug|iPhone.ActiveCfg = Debug|iPhone
		{0FC6E968-DDFF-4292-9521-EC9079211319}.Debug|iPhone.Build.0 = Debug|iPhone
		{0FC6E968-DDFF-4292-9521-EC9079211319}.Debug|iPhone.Deploy.0 = Debug|iPhone
		{0FC6E968-DDFF-4292-9521-EC9079211319}.Debug|iPhoneSimulator.ActiveCfg = Debug|iPhoneSimulator
		{0FC6E968-DDFF-4292-9521-EC9079211319}.Debug|iPhoneSimulator.Build.0 = Debug|iPhoneSimulator
		{0FC6E968-DDFF-4292-9521-EC9079211319}.Debug|iPhoneSimulator.Deploy.0 = Debug|iPhoneSimulator
		{0FC6E968-DDFF-4292-9521-EC9079211319}.Release|Any CPU.ActiveCfg = Release|iPhone
		{0FC6E968-DDFF-4292-9521-EC9079211319}.Release|Any CPU.Build.0 = Release|iPhone
		{0FC6E968-DDFF-4292-9521-EC9079211319}.Release|Any CPU.Deploy.0 = Release|iPhone
		{0FC6E968-DDFF-4292-9521-EC9079211319}.Release|iPhone.ActiveCfg = Release|iPhone
		{0FC6E968-DDFF-4292-9521-EC9079211319}.Release|iPhone.Build.0 = Release|iPhone
		{0FC6E968-DDFF-4292-9521-EC9079211319}.Release|iPhone.Deploy.0 = Release|iPhone
		{0FC6E968-DDFF-4292-9521-EC9079211319}.Release|iPhoneSimulator.ActiveCfg = Release|iPhoneSimulator
		{0FC6E968-DDFF-4292-9521-EC9079211319}.Release|iPhoneSimulator.Build.0 = Release|iPhoneSimulator
		{0FC6E968-DDFF-4292-9521-EC9079211319}.Release|iPhoneSimulator.Deploy.0 = Release|iPhoneSimulator
		{C37518DF-063F-4DDB-8E12-B5C904F06BE9}.Ad-Hoc|Any CPU.ActiveCfg = Debug|Any CPU
		{C37518DF-063F-4DDB-8E12-B5C904F06BE9}.Ad-Hoc|Any CPU.Build.0 = Debug|Any CPU
		{C37518DF-063F-4DDB-8E12-B5C904F06BE9}.Ad-Hoc|Any CPU.Deploy.0 = Debug|Any CPU
		{C37518DF-063F-4DDB-8E12-B5C904F06BE9}.Ad-Hoc|iPhone.ActiveCfg = Debug|Any CPU
		{C37518DF-063F-4DDB-8E12-B5C904F06BE9}.Ad-Hoc|iPhone.Build.0 = Debug|Any CPU
		{C37518DF-063F-4DDB-8E12-B5C904F06BE9}.Ad-Hoc|iPhone.Deploy.0 = Debug|Any CPU
		{C37518DF-063F-4DDB-8E12-B5C904F06BE9}.Ad-Hoc|iPhoneSimulator.ActiveCfg = Debug|Any CPU
		{C37518DF-063F-4DDB-8E12-B5C904F06BE9}.Ad-Hoc|iPhoneSimulator.Build.0 = Debug|Any CPU
		{C37518DF-063F-4DDB-8E12-B5C904F06BE9}.Ad-Hoc|iPhoneSimulator.Deploy.0 = Debug|Any CPU
		{C37518DF-063F-4DDB-8E12-B5C904F06BE9}.AppStore|Any CPU.ActiveCfg = Debug|Any CPU
		{C37518DF-063F-4DDB-8E12-B5C904F06BE9}.AppStore|Any CPU.Build.0 = Debug|Any CPU
		{C37518DF-063F-4DDB-8E12-B5C904F06BE9}.AppStore|Any CPU.Deploy.0 = Debug|Any CPU
		{C37518DF-063F-4DDB-8E12-B5C904F06BE9}.AppStore|iPhone.ActiveCfg = Debug|Any CPU
		{C37518DF-063F-4DDB-8E12-B5C904F06BE9}.AppStore|iPhone.Build.0 = Debug|Any CPU
		{C37518DF-063F-4DDB-8E12-B5C904F06BE9}.AppStore|iPhone.Deploy.0 = Debug|Any CPU
		{C37518DF-063F-4DDB-8E12-B5C904F06BE9}.AppStore|iPhoneSimulator.ActiveCfg = Debug|Any CPU
		{C37518DF-063F-4DDB-8E12-B5C904F06BE9}.AppStore|iPhoneSimulator.Build.0 = Debug|Any CPU
		{C37518DF-063F-4DDB-8E12-B5C904F06BE9}.AppStore|iPhoneSimulator.Deploy.0 = Debug|Any CPU
		{C37518DF-063F-4DDB-8E12-B5C904F06BE9}.Debug|Any CPU.ActiveCfg = Debug|Any CPU
		{C37518DF-063F-4DDB-8E12-B5C904F06BE9}.Debug|Any CPU.Build.0 = Debug|Any CPU
		{C37518DF-063F-4DDB-8E12-B5C904F06BE9}.Debug|Any CPU.Deploy.0 = Debug|Any CPU
		{C37518DF-063F-4DDB-8E12-B5C904F06BE9}.Debug|iPhone.ActiveCfg = Debug|Any CPU
		{C37518DF-063F-4DDB-8E12-B5C904F06BE9}.Debug|iPhone.Build.0 = Debug|Any CPU
		{C37518DF-063F-4DDB-8E12-B5C904F06BE9}.Debug|iPhone.Deploy.0 = Debug|Any CPU
		{C37518DF-063F-4DDB-8E12-B5C904F06BE9}.Debug|iPhoneSimulator.ActiveCfg = Debug|Any CPU
		{C37518DF-063F-4DDB-8E12-B5C904F06BE9}.Debug|iPhoneSimulator.Build.0 = Debug|Any CPU
		{C37518DF-063F-4DDB-8E12-B5C904F06BE9}.Debug|iPhoneSimulator.Deploy.0 = Debug|Any CPU
		{C37518DF-063F-4DDB-8E12-B5C904F06BE9}.Release|Any CPU.ActiveCfg = Release|Any CPU
		{C37518DF-063F-4DDB-8E12-B5C904F06BE9}.Release|Any CPU.Build.0 = Release|Any CPU
		{C37518DF-063F-4DDB-8E12-B5C904F06BE9}.Release|Any CPU.Deploy.0 = Release|Any CPU
		{C37518DF-063F-4DDB-8E12-B5C904F06BE9}.Release|iPhone.ActiveCfg = Release|Any CPU
		{C37518DF-063F-4DDB-8E12-B5C904F06BE9}.Release|iPhone.Build.0 = Release|Any CPU
		{C37518DF-063F-4DDB-8E12-B5C904F06BE9}.Release|iPhone.Deploy.0 = Release|Any CPU
		{C37518DF-063F-4DDB-8E12-B5C904F06BE9}.Release|iPhoneSimulator.ActiveCfg = Release|Any CPU
		{C37518DF-063F-4DDB-8E12-B5C904F06BE9}.Release|iPhoneSimulator.Build.0 = Release|Any CPU
		{C37518DF-063F-4DDB-8E12-B5C904F06BE9}.Release|iPhoneSimulator.Deploy.0 = Release|Any CPU
	EndGlobalSection
	GlobalSection(SolutionProperties) = preSolution
		HideSolutionNode = FALSE
	EndGlobalSection
	GlobalSection(ExtensibilityGlobals) = postSolution
		SolutionGuid = {D45DC4CF-8F54-4723-AA0F-1B32B9EC7B8A}
	EndGlobalSection
EndGlobal
